// !$*UTF8*$!
{
	archiveVersion = 1;
	classes = {
	};
	objectVersion = 55;
	objects = {

/* Begin PBXBuildFile section */
		042E3A9128ACD5B700D50AC3 /* AppDelegate.swift in Sources */ = {isa = PBXBuildFile; fileRef = 042E3A9028ACD5B700D50AC3 /* AppDelegate.swift */; };
		042E3A9328ACD5B700D50AC3 /* SceneDelegate.swift in Sources */ = {isa = PBXBuildFile; fileRef = 042E3A9228ACD5B700D50AC3 /* SceneDelegate.swift */; };
		042E3A9528ACD5B700D50AC3 /* ViewController.swift in Sources */ = {isa = PBXBuildFile; fileRef = 042E3A9428ACD5B700D50AC3 /* ViewController.swift */; };
		042E3A9828ACD5B700D50AC3 /* Main.storyboard in Resources */ = {isa = PBXBuildFile; fileRef = 042E3A9628ACD5B700D50AC3 /* Main.storyboard */; };
		042E3A9A28ACD5B900D50AC3 /* Assets.xcassets in Resources */ = {isa = PBXBuildFile; fileRef = 042E3A9928ACD5B900D50AC3 /* Assets.xcassets */; };
		042E3A9D28ACD5B900D50AC3 /* LaunchScreen.storyboard in Resources */ = {isa = PBXBuildFile; fileRef = 042E3A9B28ACD5B900D50AC3 /* LaunchScreen.storyboard */; };
		042E3AA628ACD60800D50AC3 /* Photos.framework in Frameworks */ = {isa = PBXBuildFile; fileRef = 042E3AA528ACD60800D50AC3 /* Photos.framework */; };
		1B809F9828C8BB67000D639A /* NavigationControllerBuilder.swift in Sources */ = {isa = PBXBuildFile; fileRef = 1B809F9728C8BB67000D639A /* NavigationControllerBuilder.swift */; };
		1B809FA328C8BFE0000D639A /* AlbumSectionType.swift in Sources */ = {isa = PBXBuildFile; fileRef = 1B809FA228C8BFE0000D639A /* AlbumSectionType.swift */; };
		1B809FA528C8C1C7000D639A /* AlbumView.swift in Sources */ = {isa = PBXBuildFile; fileRef = 1B809FA428C8C1C7000D639A /* AlbumView.swift */; };
		1B809FA728C8C313000D639A /* DataSource.swift in Sources */ = {isa = PBXBuildFile; fileRef = 1B809FA628C8C312000D639A /* DataSource.swift */; };
		1B8FE8D928C8D0680081CF08 /* PluginCollectionViewController.swift in Sources */ = {isa = PBXBuildFile; fileRef = 1B8FE8D828C8D0680081CF08 /* PluginCollectionViewController.swift */; };
		1B8FE8DC28C8D0E90081CF08 /* Configurator.swift in Sources */ = {isa = PBXBuildFile; fileRef = 1B8FE8DB28C8D0E90081CF08 /* Configurator.swift */; };
/* End PBXBuildFile section */

/* Begin PBXFileReference section */
		042E3A8D28ACD5B700D50AC3 /* photo-gallery-ios.app */ = {isa = PBXFileReference; explicitFileType = wrapper.application; includeInIndex = 0; path = "photo-gallery-ios.app"; sourceTree = BUILT_PRODUCTS_DIR; };
		042E3A9028ACD5B700D50AC3 /* AppDelegate.swift */ = {isa = PBXFileReference; lastKnownFileType = sourcecode.swift; path = AppDelegate.swift; sourceTree = "<group>"; };
		042E3A9228ACD5B700D50AC3 /* SceneDelegate.swift */ = {isa = PBXFileReference; lastKnownFileType = sourcecode.swift; path = SceneDelegate.swift; sourceTree = "<group>"; };
		042E3A9428ACD5B700D50AC3 /* ViewController.swift */ = {isa = PBXFileReference; lastKnownFileType = sourcecode.swift; path = ViewController.swift; sourceTree = "<group>"; };
		042E3A9728ACD5B700D50AC3 /* Base */ = {isa = PBXFileReference; lastKnownFileType = file.storyboard; name = Base; path = Base.lproj/Main.storyboard; sourceTree = "<group>"; };
		042E3A9928ACD5B900D50AC3 /* Assets.xcassets */ = {isa = PBXFileReference; lastKnownFileType = folder.assetcatalog; path = Assets.xcassets; sourceTree = "<group>"; };
		042E3A9C28ACD5B900D50AC3 /* Base */ = {isa = PBXFileReference; lastKnownFileType = file.storyboard; name = Base; path = Base.lproj/LaunchScreen.storyboard; sourceTree = "<group>"; };
		042E3A9E28ACD5B900D50AC3 /* Info.plist */ = {isa = PBXFileReference; lastKnownFileType = text.plist.xml; path = Info.plist; sourceTree = "<group>"; };
		042E3AA528ACD60800D50AC3 /* Photos.framework */ = {isa = PBXFileReference; lastKnownFileType = wrapper.framework; name = Photos.framework; path = System/Library/Frameworks/Photos.framework; sourceTree = SDKROOT; };
		1B809F9728C8BB67000D639A /* NavigationControllerBuilder.swift */ = {isa = PBXFileReference; lastKnownFileType = sourcecode.swift; path = NavigationControllerBuilder.swift; sourceTree = "<group>"; };
		1B809FA228C8BFE0000D639A /* AlbumSectionType.swift */ = {isa = PBXFileReference; lastKnownFileType = sourcecode.swift; path = AlbumSectionType.swift; sourceTree = "<group>"; };
		1B809FA428C8C1C7000D639A /* AlbumView.swift */ = {isa = PBXFileReference; lastKnownFileType = sourcecode.swift; path = AlbumView.swift; sourceTree = "<group>"; };
		1B809FA628C8C312000D639A /* DataSource.swift */ = {isa = PBXFileReference; lastKnownFileType = sourcecode.swift; path = DataSource.swift; sourceTree = "<group>"; };
		1B8FE8D828C8D0680081CF08 /* PluginCollectionViewController.swift */ = {isa = PBXFileReference; lastKnownFileType = sourcecode.swift; path = PluginCollectionViewController.swift; sourceTree = "<group>"; };
		1B8FE8DB28C8D0E90081CF08 /* Configurator.swift */ = {isa = PBXFileReference; lastKnownFileType = sourcecode.swift; path = Configurator.swift; sourceTree = "<group>"; };
/* End PBXFileReference section */

/* Begin PBXFrameworksBuildPhase section */
		042E3A8A28ACD5B700D50AC3 /* Frameworks */ = {
			isa = PBXFrameworksBuildPhase;
			buildActionMask = 2147483647;
			files = (
				042E3AA628ACD60800D50AC3 /* Photos.framework in Frameworks */,
			);
			runOnlyForDeploymentPostprocessing = 0;
		};
/* End PBXFrameworksBuildPhase section */

/* Begin PBXGroup section */
		042E3A8428ACD5B700D50AC3 = {
			isa = PBXGroup;
			children = (
				042E3A8F28ACD5B700D50AC3 /* photo-gallery-ios */,
				042E3A8E28ACD5B700D50AC3 /* Products */,
				042E3AA428ACD60800D50AC3 /* Frameworks */,
			);
			sourceTree = "<group>";
		};
		042E3A8E28ACD5B700D50AC3 /* Products */ = {
			isa = PBXGroup;
			children = (
				042E3A8D28ACD5B700D50AC3 /* photo-gallery-ios.app */,
			);
			name = Products;
			sourceTree = "<group>";
		};
		042E3A8F28ACD5B700D50AC3 /* photo-gallery-ios */ = {
			isa = PBXGroup;
			children = (
				1B809F9528C8BB46000D639A /* Modules */,
				042E3A9028ACD5B700D50AC3 /* AppDelegate.swift */,
				042E3A9228ACD5B700D50AC3 /* SceneDelegate.swift */,
				042E3A9428ACD5B700D50AC3 /* ViewController.swift */,
				042E3A9628ACD5B700D50AC3 /* Main.storyboard */,
				042E3A9928ACD5B900D50AC3 /* Assets.xcassets */,
				042E3A9B28ACD5B900D50AC3 /* LaunchScreen.storyboard */,
				042E3A9E28ACD5B900D50AC3 /* Info.plist */,
			);
			path = "photo-gallery-ios";
			sourceTree = "<group>";
		};
		042E3AA428ACD60800D50AC3 /* Frameworks */ = {
			isa = PBXGroup;
			children = (
				042E3AA528ACD60800D50AC3 /* Photos.framework */,
			);
			name = Frameworks;
			sourceTree = "<group>";
		};
		1B809F9528C8BB46000D639A /* Modules */ = {
			isa = PBXGroup;
			children = (
				1B8FE8DA28C8D0B20081CF08 /* Core */,
				1B809F9928C8BD4B000D639A /* Album */,
				1B809F9628C8BB4D000D639A /* Navigation */,
			);
			path = Modules;
			sourceTree = "<group>";
		};
		1B809F9628C8BB4D000D639A /* Navigation */ = {
			isa = PBXGroup;
			children = (
				1B809F9728C8BB67000D639A /* NavigationControllerBuilder.swift */,
			);
			path = Navigation;
			sourceTree = "<group>";
		};
		1B809F9928C8BD4B000D639A /* Album */ = {
			isa = PBXGroup;
			children = (
				1B809F9F28C8BD8C000D639A /* Entity */,
				1B809F9E28C8BD6A000D639A /* Interactor */,
				1B809F9D28C8BD65000D639A /* Router */,
				1B809F9B28C8BD5A000D639A /* View */,
				1B809F9A28C8BD54000D639A /* Presenter */,
			);
			path = Album;
			sourceTree = "<group>";
		};
		1B809F9A28C8BD54000D639A /* Presenter */ = {
			isa = PBXGroup;
			children = (
			);
			path = Presenter;
			sourceTree = "<group>";
		};
		1B809F9B28C8BD5A000D639A /* View */ = {
			isa = PBXGroup;
			children = (
				1B809FA428C8C1C7000D639A /* AlbumView.swift */,
				1B8FE8D828C8D0680081CF08 /* PluginCollectionViewController.swift */,
			);
			path = View;
			sourceTree = "<group>";
		};
		1B809F9D28C8BD65000D639A /* Router */ = {
			isa = PBXGroup;
			children = (
			);
			path = Router;
			sourceTree = "<group>";
		};
		1B809F9E28C8BD6A000D639A /* Interactor */ = {
			isa = PBXGroup;
			children = (
			);
			path = Interactor;
			sourceTree = "<group>";
		};
		1B809F9F28C8BD8C000D639A /* Entity */ = {
			isa = PBXGroup;
			children = (
				1B809FA228C8BFE0000D639A /* AlbumSectionType.swift */,
				1B809FA628C8C312000D639A /* DataSource.swift */,
			);
			path = Entity;
			sourceTree = "<group>";
		};
		1B8FE8DA28C8D0B20081CF08 /* Core */ = {
			isa = PBXGroup;
			children = (
				1B8FE8DB28C8D0E90081CF08 /* Configurator.swift */,
			);
			path = Core;
			sourceTree = "<group>";
		};
/* End PBXGroup section */

/* Begin PBXNativeTarget section */
		042E3A8C28ACD5B700D50AC3 /* photo-gallery-ios */ = {
			isa = PBXNativeTarget;
			buildConfigurationList = 042E3AA128ACD5B900D50AC3 /* Build configuration list for PBXNativeTarget "photo-gallery-ios" */;
			buildPhases = (
				042E3A8928ACD5B700D50AC3 /* Sources */,
				042E3A8A28ACD5B700D50AC3 /* Frameworks */,
				042E3A8B28ACD5B700D50AC3 /* Resources */,
			);
			buildRules = (
			);
			dependencies = (
			);
			name = "photo-gallery-ios";
			productName = "photo-gallery-ios";
			productReference = 042E3A8D28ACD5B700D50AC3 /* photo-gallery-ios.app */;
			productType = "com.apple.product-type.application";
		};
/* End PBXNativeTarget section */

/* Begin PBXProject section */
		042E3A8528ACD5B700D50AC3 /* Project object */ = {
			isa = PBXProject;
			attributes = {
				BuildIndependentTargetsInParallel = 1;
				LastSwiftUpdateCheck = 1340;
				LastUpgradeCheck = 1340;
				TargetAttributes = {
					042E3A8C28ACD5B700D50AC3 = {
						CreatedOnToolsVersion = 13.4.1;
					};
				};
			};
			buildConfigurationList = 042E3A8828ACD5B700D50AC3 /* Build configuration list for PBXProject "photo-gallery-ios" */;
			compatibilityVersion = "Xcode 13.0";
			developmentRegion = en;
			hasScannedForEncodings = 0;
			knownRegions = (
				en,
				Base,
			);
			mainGroup = 042E3A8428ACD5B700D50AC3;
			productRefGroup = 042E3A8E28ACD5B700D50AC3 /* Products */;
			projectDirPath = "";
			projectRoot = "";
			targets = (
				042E3A8C28ACD5B700D50AC3 /* photo-gallery-ios */,
			);
		};
/* End PBXProject section */

/* Begin PBXResourcesBuildPhase section */
		042E3A8B28ACD5B700D50AC3 /* Resources */ = {
			isa = PBXResourcesBuildPhase;
			buildActionMask = 2147483647;
			files = (
				042E3A9D28ACD5B900D50AC3 /* LaunchScreen.storyboard in Resources */,
				042E3A9A28ACD5B900D50AC3 /* Assets.xcassets in Resources */,
				042E3A9828ACD5B700D50AC3 /* Main.storyboard in Resources */,
			);
			runOnlyForDeploymentPostprocessing = 0;
		};
/* End PBXResourcesBuildPhase section */

/* Begin PBXSourcesBuildPhase section */
		042E3A8928ACD5B700D50AC3 /* Sources */ = {
			isa = PBXSourcesBuildPhase;
			buildActionMask = 2147483647;
			files = (
				1B809FA728C8C313000D639A /* DataSource.swift in Sources */,
				1B8FE8DC28C8D0E90081CF08 /* Configurator.swift in Sources */,
				1B8FE8D928C8D0680081CF08 /* PluginCollectionViewController.swift in Sources */,
				1B809FA528C8C1C7000D639A /* AlbumView.swift in Sources */,
				042E3A9528ACD5B700D50AC3 /* ViewController.swift in Sources */,
				1B809F9828C8BB67000D639A /* NavigationControllerBuilder.swift in Sources */,
				042E3A9128ACD5B700D50AC3 /* AppDelegate.swift in Sources */,
				042E3A9328ACD5B700D50AC3 /* SceneDelegate.swift in Sources */,
				1B809FA328C8BFE0000D639A /* AlbumSectionType.swift in Sources */,
			);
			runOnlyForDeploymentPostprocessing = 0;
		};
/* End PBXSourcesBuildPhase section */

/* Begin PBXVariantGroup section */
		042E3A9628ACD5B700D50AC3 /* Main.storyboard */ = {
			isa = PBXVariantGroup;
			children = (
				042E3A9728ACD5B700D50AC3 /* Base */,
			);
			name = Main.storyboard;
			sourceTree = "<group>";
		};
		042E3A9B28ACD5B900D50AC3 /* LaunchScreen.storyboard */ = {
			isa = PBXVariantGroup;
			children = (
				042E3A9C28ACD5B900D50AC3 /* Base */,
			);
			name = LaunchScreen.storyboard;
			sourceTree = "<group>";
		};
/* End PBXVariantGroup section */

/* Begin XCBuildConfiguration section */
		042E3A9F28ACD5B900D50AC3 /* Debug */ = {
			isa = XCBuildConfiguration;
			buildSettings = {
				ALWAYS_SEARCH_USER_PATHS = NO;
				CLANG_ANALYZER_NONNULL = YES;
				CLANG_ANALYZER_NUMBER_OBJECT_CONVERSION = YES_AGGRESSIVE;
				CLANG_CXX_LANGUAGE_STANDARD = "gnu++17";
				CLANG_ENABLE_MODULES = YES;
				CLANG_ENABLE_OBJC_ARC = YES;
				CLANG_ENABLE_OBJC_WEAK = YES;
				CLANG_WARN_BLOCK_CAPTURE_AUTORELEASING = YES;
				CLANG_WARN_BOOL_CONVERSION = YES;
				CLANG_WARN_COMMA = YES;
				CLANG_WARN_CONSTANT_CONVERSION = YES;
				CLANG_WARN_DEPRECATED_OBJC_IMPLEMENTATIONS = YES;
				CLANG_WARN_DIRECT_OBJC_ISA_USAGE = YES_ERROR;
				CLANG_WARN_DOCUMENTATION_COMMENTS = YES;
				CLANG_WARN_EMPTY_BODY = YES;
				CLANG_WARN_ENUM_CONVERSION = YES;
				CLANG_WARN_INFINITE_RECURSION = YES;
				CLANG_WARN_INT_CONVERSION = YES;
				CLANG_WARN_NON_LITERAL_NULL_CONVERSION = YES;
				CLANG_WARN_OBJC_IMPLICIT_RETAIN_SELF = YES;
				CLANG_WARN_OBJC_LITERAL_CONVERSION = YES;
				CLANG_WARN_OBJC_ROOT_CLASS = YES_ERROR;
				CLANG_WARN_QUOTED_INCLUDE_IN_FRAMEWORK_HEADER = YES;
				CLANG_WARN_RANGE_LOOP_ANALYSIS = YES;
				CLANG_WARN_STRICT_PROTOTYPES = YES;
				CLANG_WARN_SUSPICIOUS_MOVE = YES;
				CLANG_WARN_UNGUARDED_AVAILABILITY = YES_AGGRESSIVE;
				CLANG_WARN_UNREACHABLE_CODE = YES;
				CLANG_WARN__DUPLICATE_METHOD_MATCH = YES;
				COPY_PHASE_STRIP = NO;
				DEBUG_INFORMATION_FORMAT = dwarf;
				ENABLE_STRICT_OBJC_MSGSEND = YES;
				ENABLE_TESTABILITY = YES;
				GCC_C_LANGUAGE_STANDARD = gnu11;
				GCC_DYNAMIC_NO_PIC = NO;
				GCC_NO_COMMON_BLOCKS = YES;
				GCC_OPTIMIZATION_LEVEL = 0;
				GCC_PREPROCESSOR_DEFINITIONS = (
					"DEBUG=1",
					"$(inherited)",
				);
				GCC_WARN_64_TO_32_BIT_CONVERSION = YES;
				GCC_WARN_ABOUT_RETURN_TYPE = YES_ERROR;
				GCC_WARN_UNDECLARED_SELECTOR = YES;
				GCC_WARN_UNINITIALIZED_AUTOS = YES_AGGRESSIVE;
				GCC_WARN_UNUSED_FUNCTION = YES;
				GCC_WARN_UNUSED_VARIABLE = YES;
				IPHONEOS_DEPLOYMENT_TARGET = 15.5;
				MTL_ENABLE_DEBUG_INFO = INCLUDE_SOURCE;
				MTL_FAST_MATH = YES;
				ONLY_ACTIVE_ARCH = YES;
				SDKROOT = iphoneos;
				SWIFT_ACTIVE_COMPILATION_CONDITIONS = DEBUG;
				SWIFT_OPTIMIZATION_LEVEL = "-Onone";
			};
			name = Debug;
		};
		042E3AA028ACD5B900D50AC3 /* Release */ = {
			isa = XCBuildConfiguration;
			buildSettings = {
				ALWAYS_SEARCH_USER_PATHS = NO;
				CLANG_ANALYZER_NONNULL = YES;
				CLANG_ANALYZER_NUMBER_OBJECT_CONVERSION = YES_AGGRESSIVE;
				CLANG_CXX_LANGUAGE_STANDARD = "gnu++17";
				CLANG_ENABLE_MODULES = YES;
				CLANG_ENABLE_OBJC_ARC = YES;
				CLANG_ENABLE_OBJC_WEAK = YES;
				CLANG_WARN_BLOCK_CAPTURE_AUTORELEASING = YES;
				CLANG_WARN_BOOL_CONVERSION = YES;
				CLANG_WARN_COMMA = YES;
				CLANG_WARN_CONSTANT_CONVERSION = YES;
				CLANG_WARN_DEPRECATED_OBJC_IMPLEMENTATIONS = YES;
				CLANG_WARN_DIRECT_OBJC_ISA_USAGE = YES_ERROR;
				CLANG_WARN_DOCUMENTATION_COMMENTS = YES;
				CLANG_WARN_EMPTY_BODY = YES;
				CLANG_WARN_ENUM_CONVERSION = YES;
				CLANG_WARN_INFINITE_RECURSION = YES;
				CLANG_WARN_INT_CONVERSION = YES;
				CLANG_WARN_NON_LITERAL_NULL_CONVERSION = YES;
				CLANG_WARN_OBJC_IMPLICIT_RETAIN_SELF = YES;
				CLANG_WARN_OBJC_LITERAL_CONVERSION = YES;
				CLANG_WARN_OBJC_ROOT_CLASS = YES_ERROR;
				CLANG_WARN_QUOTED_INCLUDE_IN_FRAMEWORK_HEADER = YES;
				CLANG_WARN_RANGE_LOOP_ANALYSIS = YES;
				CLANG_WARN_STRICT_PROTOTYPES = YES;
				CLANG_WARN_SUSPICIOUS_MOVE = YES;
				CLANG_WARN_UNGUARDED_AVAILABILITY = YES_AGGRESSIVE;
				CLANG_WARN_UNREACHABLE_CODE = YES;
				CLANG_WARN__DUPLICATE_METHOD_MATCH = YES;
				COPY_PHASE_STRIP = NO;
				DEBUG_INFORMATION_FORMAT = "dwarf-with-dsym";
				ENABLE_NS_ASSERTIONS = NO;
				ENABLE_STRICT_OBJC_MSGSEND = YES;
				GCC_C_LANGUAGE_STANDARD = gnu11;
				GCC_NO_COMMON_BLOCKS = YES;
				GCC_WARN_64_TO_32_BIT_CONVERSION = YES;
				GCC_WARN_ABOUT_RETURN_TYPE = YES_ERROR;
				GCC_WARN_UNDECLARED_SELECTOR = YES;
				GCC_WARN_UNINITIALIZED_AUTOS = YES_AGGRESSIVE;
				GCC_WARN_UNUSED_FUNCTION = YES;
				GCC_WARN_UNUSED_VARIABLE = YES;
				IPHONEOS_DEPLOYMENT_TARGET = 15.5;
				MTL_ENABLE_DEBUG_INFO = NO;
				MTL_FAST_MATH = YES;
				SDKROOT = iphoneos;
				SWIFT_COMPILATION_MODE = wholemodule;
				SWIFT_OPTIMIZATION_LEVEL = "-O";
				VALIDATE_PRODUCT = YES;
			};
			name = Release;
		};
		042E3AA228ACD5B900D50AC3 /* Debug */ = {
			isa = XCBuildConfiguration;
			buildSettings = {
				ASSETCATALOG_COMPILER_APPICON_NAME = AppIcon;
				ASSETCATALOG_COMPILER_GLOBAL_ACCENT_COLOR_NAME = AccentColor;
				CODE_SIGN_STYLE = Automatic;
				CURRENT_PROJECT_VERSION = 1;
				DEVELOPMENT_TEAM = 74L575RYQ9;
				GENERATE_INFOPLIST_FILE = YES;
				INFOPLIST_FILE = "photo-gallery-ios/Info.plist";
				INFOPLIST_KEY_UIApplicationSupportsIndirectInputEvents = YES;
				INFOPLIST_KEY_UILaunchStoryboardName = LaunchScreen;
				INFOPLIST_KEY_UIMainStoryboardFile = Main;
				INFOPLIST_KEY_UISupportedInterfaceOrientations_iPad = "UIInterfaceOrientationPortrait UIInterfaceOrientationPortraitUpsideDown UIInterfaceOrientationLandscapeLeft UIInterfaceOrientationLandscapeRight";
				INFOPLIST_KEY_UISupportedInterfaceOrientations_iPhone = "UIInterfaceOrientationPortrait UIInterfaceOrientationLandscapeLeft UIInterfaceOrientationLandscapeRight";
				LD_RUNPATH_SEARCH_PATHS = (
					"$(inherited)",
					"@executable_path/Frameworks",
				);
				MARKETING_VERSION = 1.0;
				PRODUCT_BUNDLE_IDENTIFIER = "maslov.photo-gallery-ios";
				PRODUCT_NAME = "$(TARGET_NAME)";
				SWIFT_EMIT_LOC_STRINGS = YES;
				SWIFT_VERSION = 5.0;
				TARGETED_DEVICE_FAMILY = "1,2";
			};
			name = Debug;
		};
		042E3AA328ACD5B900D50AC3 /* Release */ = {
			isa = XCBuildConfiguration;
			buildSettings = {
				ASSETCATALOG_COMPILER_APPICON_NAME = AppIcon;
				ASSETCATALOG_COMPILER_GLOBAL_ACCENT_COLOR_NAME = AccentColor;
				CODE_SIGN_STYLE = Automatic;
				CURRENT_PROJECT_VERSION = 1;
				DEVELOPMENT_TEAM = 74L575RYQ9;
				GENERATE_INFOPLIST_FILE = YES;
				INFOPLIST_FILE = "photo-gallery-ios/Info.plist";
				INFOPLIST_KEY_UIApplicationSupportsIndirectInputEvents = YES;
				INFOPLIST_KEY_UILaunchStoryboardName = LaunchScreen;
				INFOPLIST_KEY_UIMainStoryboardFile = Main;
				INFOPLIST_KEY_UISupportedInterfaceOrientations_iPad = "UIInterfaceOrientationPortrait UIInterfaceOrientationPortraitUpsideDown UIInterfaceOrientationLandscapeLeft UIInterfaceOrientationLandscapeRight";
				INFOPLIST_KEY_UISupportedInterfaceOrientations_iPhone = "UIInterfaceOrientationPortrait UIInterfaceOrientationLandscapeLeft UIInterfaceOrientationLandscapeRight";
				LD_RUNPATH_SEARCH_PATHS = (
					"$(inherited)",
					"@executable_path/Frameworks",
				);
				MARKETING_VERSION = 1.0;
				PRODUCT_BUNDLE_IDENTIFIER = "maslov.photo-gallery-ios";
				PRODUCT_NAME = "$(TARGET_NAME)";
				SWIFT_EMIT_LOC_STRINGS = YES;
				SWIFT_VERSION = 5.0;
				TARGETED_DEVICE_FAMILY = "1,2";
			};
			name = Release;
		};
/* End XCBuildConfiguration section */

/* Begin XCConfigurationList section */
		042E3A8828ACD5B700D50AC3 /* Build configuration list for PBXProject "photo-gallery-ios" */ = {
			isa = XCConfigurationList;
			buildConfigurations = (
				042E3A9F28ACD5B900D50AC3 /* Debug */,
				042E3AA028ACD5B900D50AC3 /* Release */,
			);
			defaultConfigurationIsVisible = 0;
			defaultConfigurationName = Release;
		};
		042E3AA128ACD5B900D50AC3 /* Build configuration list for PBXNativeTarget "photo-gallery-ios" */ = {
			isa = XCConfigurationList;
			buildConfigurations = (
				042E3AA228ACD5B900D50AC3 /* Debug */,
				042E3AA328ACD5B900D50AC3 /* Release */,
			);
			defaultConfigurationIsVisible = 0;
			defaultConfigurationName = Release;
		};
/* End XCConfigurationList section */
	};
	rootObject = 042E3A8528ACD5B700D50AC3 /* Project object */;
}
